{
  "name": "memeboard",
  "version": "0.0.1",
  "lockfileVersion": 1,
  "requires": true,
  "dependencies": {
    "@aspnet/signalr": {
      "version": "1.0.2",
      "resolved": "https://registry.npmjs.org/@aspnet/signalr/-/signalr-1.0.2.tgz",
      "integrity": "sha512-sXleqUCCbodCOqUA8MjLSvtAgDTvDhEq6j3JyAq/w4RMJhpZ+dXK9+6xEMbzag2hisq5e/8vDC82JYutkcOISQ=="
    },
    "@types/jquery": {
      "version": "3.3.4",
      "resolved": "https://registry.npmjs.org/@types/jquery/-/jquery-3.3.4.tgz",
      "integrity": "sha512-KqgLNDh8oTl43/2B78S7tjwPnOxPtP9wQsLptbuQCmMwqH5QuPZOk36RsNgbs3mnq/3SCyG1l/GJmhKk5Dg68g=="
    },
    "jquery": {
      "version": "3.3.1",
      "resolved": "https://registry.npmjs.org/jquery/-/jquery-3.3.1.tgz",
      "integrity": "sha512-Ubldcmxp5np52/ENotGxlLe6aGMvmF4R8S6tZjsP6Knsaxd/xp3Zrh50cG93lR6nPXyUFwzN3ZSOQI0wRJNdGg=="
    }
  }
}
